// !$*UTF8*$!
{
	archiveVersion = 1;
	classes = {
	};
	objectVersion = 50;
	objects = {

/* Begin PBXBuildFile section */
		D4A051B426579FBB00AD739E /* AppDelegate.swift in Sources */ = {isa = PBXBuildFile; fileRef = D4A051B326579FBB00AD739E /* AppDelegate.swift */; };
		D4A051B626579FBB00AD739E /* SceneDelegate.swift in Sources */ = {isa = PBXBuildFile; fileRef = D4A051B526579FBB00AD739E /* SceneDelegate.swift */; };
		D4A051B826579FBB00AD739E /* AddStoryPromtViewController.swift in Sources */ = {isa = PBXBuildFile; fileRef = D4A051B726579FBB00AD739E /* AddStoryPromtViewController.swift */; };
		D4A051BB26579FBB00AD739E /* Main.storyboard in Resources */ = {isa = PBXBuildFile; fileRef = D4A051B926579FBB00AD739E /* Main.storyboard */; };
		D4A051BD26579FBD00AD739E /* Assets.xcassets in Resources */ = {isa = PBXBuildFile; fileRef = D4A051BC26579FBD00AD739E /* Assets.xcassets */; };
		D4A051C026579FBD00AD739E /* LaunchScreen.storyboard in Resources */ = {isa = PBXBuildFile; fileRef = D4A051BE26579FBD00AD739E /* LaunchScreen.storyboard */; };
		D4A051D42657A3E000AD739E /* StoryPromtEntry.swift in Sources */ = {isa = PBXBuildFile; fileRef = D4A051D32657A3E000AD739E /* StoryPromtEntry.swift */; };
		D4A051D82657A41600AD739E /* StoryPromts.swift in Sources */ = {isa = PBXBuildFile; fileRef = D4A051D72657A41600AD739E /* StoryPromts.swift */; };
		D4A051DD266658B200AD739E /* StoryPromtViewController.swift in Sources */ = {isa = PBXBuildFile; fileRef = D4A051DC266658B200AD739E /* StoryPromtViewController.swift */; };
/* End PBXBuildFile section */

/* Begin PBXFileReference section */
		D4A051B026579FBB00AD739E /* StoryPromt.app */ = {isa = PBXFileReference; explicitFileType = wrapper.application; includeInIndex = 0; path = StoryPromt.app; sourceTree = BUILT_PRODUCTS_DIR; };
		D4A051B326579FBB00AD739E /* AppDelegate.swift */ = {isa = PBXFileReference; lastKnownFileType = sourcecode.swift; path = AppDelegate.swift; sourceTree = "<group>"; };
		D4A051B526579FBB00AD739E /* SceneDelegate.swift */ = {isa = PBXFileReference; lastKnownFileType = sourcecode.swift; path = SceneDelegate.swift; sourceTree = "<group>"; };
		D4A051B726579FBB00AD739E /* AddStoryPromtViewController.swift */ = {isa = PBXFileReference; lastKnownFileType = sourcecode.swift; path = AddStoryPromtViewController.swift; sourceTree = "<group>"; };
		D4A051BA26579FBB00AD739E /* Base */ = {isa = PBXFileReference; lastKnownFileType = file.storyboard; name = Base; path = Base.lproj/Main.storyboard; sourceTree = "<group>"; };
		D4A051BC26579FBD00AD739E /* Assets.xcassets */ = {isa = PBXFileReference; lastKnownFileType = folder.assetcatalog; path = Assets.xcassets; sourceTree = "<group>"; };
		D4A051BF26579FBD00AD739E /* Base */ = {isa = PBXFileReference; lastKnownFileType = file.storyboard; name = Base; path = Base.lproj/LaunchScreen.storyboard; sourceTree = "<group>"; };
		D4A051C126579FBD00AD739E /* Info.plist */ = {isa = PBXFileReference; lastKnownFileType = text.plist.xml; path = Info.plist; sourceTree = "<group>"; };
		D4A051D32657A3E000AD739E /* StoryPromtEntry.swift */ = {isa = PBXFileReference; lastKnownFileType = sourcecode.swift; path = StoryPromtEntry.swift; sourceTree = "<group>"; };
		D4A051D72657A41600AD739E /* StoryPromts.swift */ = {isa = PBXFileReference; lastKnownFileType = sourcecode.swift; path = StoryPromts.swift; sourceTree = "<group>"; };
		D4A051DC266658B200AD739E /* StoryPromtViewController.swift */ = {isa = PBXFileReference; lastKnownFileType = sourcecode.swift; path = StoryPromtViewController.swift; sourceTree = "<group>"; };
/* End PBXFileReference section */

/* Begin PBXFrameworksBuildPhase section */
		D4A051AD26579FBB00AD739E /* Frameworks */ = {
			isa = PBXFrameworksBuildPhase;
			buildActionMask = 2147483647;
			files = (
			);
			runOnlyForDeploymentPostprocessing = 0;
		};
/* End PBXFrameworksBuildPhase section */

/* Begin PBXGroup section */
		D4A051A726579FBB00AD739E = {
			isa = PBXGroup;
			children = (
				D4A051B226579FBB00AD739E /* StoryPromt */,
				D4A051B126579FBB00AD739E /* Products */,
			);
			sourceTree = "<group>";
		};
		D4A051B126579FBB00AD739E /* Products */ = {
			isa = PBXGroup;
			children = (
				D4A051B026579FBB00AD739E /* StoryPromt.app */,
			);
			name = Products;
			sourceTree = "<group>";
		};
		D4A051B226579FBB00AD739E /* StoryPromt */ = {
			isa = PBXGroup;
			children = (
				D4A051DF266658D600AD739E /* View Controllers */,
				D4A051C82657A0EB00AD739E /* Model */,
				D4A051B326579FBB00AD739E /* AppDelegate.swift */,
				D4A051B526579FBB00AD739E /* SceneDelegate.swift */,
				D4A051B926579FBB00AD739E /* Main.storyboard */,
				D4A051BC26579FBD00AD739E /* Assets.xcassets */,
				D4A051BE26579FBD00AD739E /* LaunchScreen.storyboard */,
				D4A051C126579FBD00AD739E /* Info.plist */,
			);
			path = StoryPromt;
			sourceTree = "<group>";
		};
		D4A051C82657A0EB00AD739E /* Model */ = {
			isa = PBXGroup;
			children = (
				D4A051D32657A3E000AD739E /* StoryPromtEntry.swift */,
				D4A051D72657A41600AD739E /* StoryPromts.swift */,
			);
			path = Model;
			sourceTree = "<group>";
		};
		D4A051DF266658D600AD739E /* View Controllers */ = {
			isa = PBXGroup;
			children = (
				D4A051B726579FBB00AD739E /* AddStoryPromtViewController.swift */,
				D4A051DC266658B200AD739E /* StoryPromtViewController.swift */,
			);
			path = "View Controllers";
			sourceTree = "<group>";
		};
/* End PBXGroup section */

/* Begin PBXNativeTarget section */
		D4A051AF26579FBB00AD739E /* StoryPromt */ = {
			isa = PBXNativeTarget;
			buildConfigurationList = D4A051C426579FBD00AD739E /* Build configuration list for PBXNativeTarget "StoryPromt" */;
			buildPhases = (
				D4A051AC26579FBB00AD739E /* Sources */,
				D4A051AD26579FBB00AD739E /* Frameworks */,
				D4A051AE26579FBB00AD739E /* Resources */,
			);
			buildRules = (
			);
			dependencies = (
			);
			name = StoryPromt;
			productName = StoryPromt;
			productReference = D4A051B026579FBB00AD739E /* StoryPromt.app */;
			productType = "com.apple.product-type.application";
		};
/* End PBXNativeTarget section */

/* Begin PBXProject section */
		D4A051A826579FBB00AD739E /* Project object */ = {
			isa = PBXProject;
			attributes = {
				LastSwiftUpdateCheck = 1210;
				LastUpgradeCheck = 1210;
				TargetAttributes = {
					D4A051AF26579FBB00AD739E = {
						CreatedOnToolsVersion = 12.1;
					};
				};
			};
			buildConfigurationList = D4A051AB26579FBB00AD739E /* Build configuration list for PBXProject "StoryPromt" */;
			compatibilityVersion = "Xcode 9.3";
			developmentRegion = en;
			hasScannedForEncodings = 0;
			knownRegions = (
				en,
				Base,
			);
			mainGroup = D4A051A726579FBB00AD739E;
			productRefGroup = D4A051B126579FBB00AD739E /* Products */;
			projectDirPath = "";
			projectRoot = "";
			targets = (
				D4A051AF26579FBB00AD739E /* StoryPromt */,
			);
		};
/* End PBXProject section */

/* Begin PBXResourcesBuildPhase section */
		D4A051AE26579FBB00AD739E /* Resources */ = {
			isa = PBXResourcesBuildPhase;
			buildActionMask = 2147483647;
			files = (
				D4A051C026579FBD00AD739E /* LaunchScreen.storyboard in Resources */,
				D4A051BD26579FBD00AD739E /* Assets.xcassets in Resources */,
				D4A051BB26579FBB00AD739E /* Main.storyboard in Resources */,
			);
			runOnlyForDeploymentPostprocessing = 0;
		};
/* End PBXResourcesBuildPhase section */

/* Begin PBXSourcesBuildPhase section */
		D4A051AC26579FBB00AD739E /* Sources */ = {
			isa = PBXSourcesBuildPhase;
			buildActionMask = 2147483647;
			files = (
				D4A051D42657A3E000AD739E /* StoryPromtEntry.swift in Sources */,
				D4A051DD266658B200AD739E /* StoryPromtViewController.swift in Sources */,
				D4A051B826579FBB00AD739E /* AddStoryPromtViewController.swift in Sources */,
				D4A051D82657A41600AD739E /* StoryPromts.swift in Sources */,
				D4A051B426579FBB00AD739E /* AppDelegate.swift in Sources */,
				D4A051B626579FBB00AD739E /* SceneDelegate.swift in Sources */,
			);
			runOnlyForDeploymentPostprocessing = 0;
		};
/* End PBXSourcesBuildPhase section */

/* Begin PBXVariantGroup section */
		D4A051B926579FBB00AD739E /* Main.storyboard */ = {
			isa = PBXVariantGroup;
			children = (
				D4A051BA26579FBB00AD739E /* Base */,
			);
			name = Main.storyboard;
			sourceTree = "<group>";
		};
		D4A051BE26579FBD00AD739E /* LaunchScreen.storyboard */ = {
			isa = PBXVariantGroup;
			children = (
				D4A051BF26579FBD00AD739E /* Base */,
			);
			name = LaunchScreen.storyboard;
			sourceTree = "<group>";
		};
/* End PBXVariantGroup section */

/* Begin XCBuildConfiguration section */
		D4A051C226579FBD00AD739E /* Debug */ = {
			isa = XCBuildConfiguration;
			buildSettings = {
				ALWAYS_SEARCH_USER_PATHS = NO;
				CLANG_ANALYZER_NONNULL = YES;
				CLANG_ANALYZER_NUMBER_OBJECT_CONVERSION = YES_AGGRESSIVE;
				CLANG_CXX_LANGUAGE_STANDARD = "gnu++14";
				CLANG_CXX_LIBRARY = "libc++";
				CLANG_ENABLE_MODULES = YES;
				CLANG_ENABLE_OBJC_ARC = YES;
				CLANG_ENABLE_OBJC_WEAK = YES;
				CLANG_WARN_BLOCK_CAPTURE_AUTORELEASING = YES;
				CLANG_WARN_BOOL_CONVERSION = YES;
				CLANG_WARN_COMMA = YES;
				CLANG_WARN_CONSTANT_CONVERSION = YES;
				CLANG_WARN_DEPRECATED_OBJC_IMPLEMENTATIONS = YES;
				CLANG_WARN_DIRECT_OBJC_ISA_USAGE = YES_ERROR;
				CLANG_WARN_DOCUMENTATION_COMMENTS = YES;
				CLANG_WARN_EMPTY_BODY = YES;
				CLANG_WARN_ENUM_CONVERSION = YES;
				CLANG_WARN_INFINITE_RECURSION = YES;
				CLANG_WARN_INT_CONVERSION = YES;
				CLANG_WARN_NON_LITERAL_NULL_CONVERSION = YES;
				CLANG_WARN_OBJC_IMPLICIT_RETAIN_SELF = YES;
				CLANG_WARN_OBJC_LITERAL_CONVERSION = YES;
				CLANG_WARN_OBJC_ROOT_CLASS = YES_ERROR;
				CLANG_WARN_QUOTED_INCLUDE_IN_FRAMEWORK_HEADER = YES;
				CLANG_WARN_RANGE_LOOP_ANALYSIS = YES;
				CLANG_WARN_STRICT_PROTOTYPES = YES;
				CLANG_WARN_SUSPICIOUS_MOVE = YES;
				CLANG_WARN_UNGUARDED_AVAILABILITY = YES_AGGRESSIVE;
				CLANG_WARN_UNREACHABLE_CODE = YES;
				CLANG_WARN__DUPLICATE_METHOD_MATCH = YES;
				COPY_PHASE_STRIP = NO;
				DEBUG_INFORMATION_FORMAT = dwarf;
				ENABLE_STRICT_OBJC_MSGSEND = YES;
				ENABLE_TESTABILITY = YES;
				GCC_C_LANGUAGE_STANDARD = gnu11;
				GCC_DYNAMIC_NO_PIC = NO;
				GCC_NO_COMMON_BLOCKS = YES;
				GCC_OPTIMIZATION_LEVEL = 0;
				GCC_PREPROCESSOR_DEFINITIONS = (
					"DEBUG=1",
					"$(inherited)",
				);
				GCC_WARN_64_TO_32_BIT_CONVERSION = YES;
				GCC_WARN_ABOUT_RETURN_TYPE = YES_ERROR;
				GCC_WARN_UNDECLARED_SELECTOR = YES;
				GCC_WARN_UNINITIALIZED_AUTOS = YES_AGGRESSIVE;
				GCC_WARN_UNUSED_FUNCTION = YES;
				GCC_WARN_UNUSED_VARIABLE = YES;
				IPHONEOS_DEPLOYMENT_TARGET = 14.1;
				MTL_ENABLE_DEBUG_INFO = INCLUDE_SOURCE;
				MTL_FAST_MATH = YES;
				ONLY_ACTIVE_ARCH = YES;
				SDKROOT = iphoneos;
				SWIFT_ACTIVE_COMPILATION_CONDITIONS = DEBUG;
				SWIFT_OPTIMIZATION_LEVEL = "-Onone";
			};
			name = Debug;
		};
		D4A051C326579FBD00AD739E /* Release */ = {
			isa = XCBuildConfiguration;
			buildSettings = {
				ALWAYS_SEARCH_USER_PATHS = NO;
				CLANG_ANALYZER_NONNULL = YES;
				CLANG_ANALYZER_NUMBER_OBJECT_CONVERSION = YES_AGGRESSIVE;
				CLANG_CXX_LANGUAGE_STANDARD = "gnu++14";
				CLANG_CXX_LIBRARY = "libc++";
				CLANG_ENABLE_MODULES = YES;
				CLANG_ENABLE_OBJC_ARC = YES;
				CLANG_ENABLE_OBJC_WEAK = YES;
				CLANG_WARN_BLOCK_CAPTURE_AUTORELEASING = YES;
				CLANG_WARN_BOOL_CONVERSION = YES;
				CLANG_WARN_COMMA = YES;
				CLANG_WARN_CONSTANT_CONVERSION = YES;
				CLANG_WARN_DEPRECATED_OBJC_IMPLEMENTATIONS = YES;
				CLANG_WARN_DIRECT_OBJC_ISA_USAGE = YES_ERROR;
				CLANG_WARN_DOCUMENTATION_COMMENTS = YES;
				CLANG_WARN_EMPTY_BODY = YES;
				CLANG_WARN_ENUM_CONVERSION = YES;
				CLANG_WARN_INFINITE_RECURSION = YES;
				CLANG_WARN_INT_CONVERSION = YES;
				CLANG_WARN_NON_LITERAL_NULL_CONVERSION = YES;
				CLANG_WARN_OBJC_IMPLICIT_RETAIN_SELF = YES;
				CLANG_WARN_OBJC_LITERAL_CONVERSION = YES;
				CLANG_WARN_OBJC_ROOT_CLASS = YES_ERROR;
				CLANG_WARN_QUOTED_INCLUDE_IN_FRAMEWORK_HEADER = YES;
				CLANG_WARN_RANGE_LOOP_ANALYSIS = YES;
				CLANG_WARN_STRICT_PROTOTYPES = YES;
				CLANG_WARN_SUSPICIOUS_MOVE = YES;
				CLANG_WARN_UNGUARDED_AVAILABILITY = YES_AGGRESSIVE;
				CLANG_WARN_UNREACHABLE_CODE = YES;
				CLANG_WARN__DUPLICATE_METHOD_MATCH = YES;
				COPY_PHASE_STRIP = NO;
				DEBUG_INFORMATION_FORMAT = "dwarf-with-dsym";
				ENABLE_NS_ASSERTIONS = NO;
				ENABLE_STRICT_OBJC_MSGSEND = YES;
				GCC_C_LANGUAGE_STANDARD = gnu11;
				GCC_NO_COMMON_BLOCKS = YES;
				GCC_WARN_64_TO_32_BIT_CONVERSION = YES;
				GCC_WARN_ABOUT_RETURN_TYPE = YES_ERROR;
				GCC_WARN_UNDECLARED_SELECTOR = YES;
				GCC_WARN_UNINITIALIZED_AUTOS = YES_AGGRESSIVE;
				GCC_WARN_UNUSED_FUNCTION = YES;
				GCC_WARN_UNUSED_VARIABLE = YES;
				IPHONEOS_DEPLOYMENT_TARGET = 14.1;
				MTL_ENABLE_DEBUG_INFO = NO;
				MTL_FAST_MATH = YES;
				SDKROOT = iphoneos;
				SWIFT_COMPILATION_MODE = wholemodule;
				SWIFT_OPTIMIZATION_LEVEL = "-O";
				VALIDATE_PRODUCT = YES;
			};
			name = Release;
		};
		D4A051C526579FBD00AD739E /* Debug */ = {
			isa = XCBuildConfiguration;
			buildSettings = {
				ASSETCATALOG_COMPILER_APPICON_NAME = AppIcon;
				ASSETCATALOG_COMPILER_GLOBAL_ACCENT_COLOR_NAME = AccentColor;
				CODE_SIGN_STYLE = Automatic;
				DEVELOPMENT_TEAM = ZX3F47CTW8;
				INFOPLIST_FILE = StoryPromt/Info.plist;
				LD_RUNPATH_SEARCH_PATHS = (
					"$(inherited)",
					"@executable_path/Frameworks",
				);
				PRODUCT_BUNDLE_IDENTIFIER = com.nick.krasnitskiy.StoryPromt;
				PRODUCT_NAME = "$(TARGET_NAME)";
				SWIFT_VERSION = 5.0;
				TARGETED_DEVICE_FAMILY = "1,2";
			};
			name = Debug;
		};
		D4A051C626579FBD00AD739E /* Release */ = {
			isa = XCBuildConfiguration;
			buildSettings = {
				ASSETCATALOG_COMPILER_APPICON_NAME = AppIcon;
				ASSETCATALOG_COMPILER_GLOBAL_ACCENT_COLOR_NAME = AccentColor;
				CODE_SIGN_STYLE = Automatic;
				DEVELOPMENT_TEAM = ZX3F47CTW8;
				INFOPLIST_FILE = StoryPromt/Info.plist;
				LD_RUNPATH_SEARCH_PATHS = (
					"$(inherited)",
					"@executable_path/Frameworks",
				);
				PRODUCT_BUNDLE_IDENTIFIER = com.nick.krasnitskiy.StoryPromt;
				PRODUCT_NAME = "$(TARGET_NAME)";
				SWIFT_VERSION = 5.0;
				TARGETED_DEVICE_FAMILY = "1,2";
			};
			name = Release;
		};
/* End XCBuildConfiguration section */

/* Begin XCConfigurationList section */
		D4A051AB26579FBB00AD739E /* Build configuration list for PBXProject "StoryPromt" */ = {
			isa = XCConfigurationList;
			buildConfigurations = (
				D4A051C226579FBD00AD739E /* Debug */,
				D4A051C326579FBD00AD739E /* Release */,
			);
			defaultConfigurationIsVisible = 0;
			defaultConfigurationName = Release;
		};
		D4A051C426579FBD00AD739E /* Build configuration list for PBXNativeTarget "StoryPromt" */ = {
			isa = XCConfigurationList;
			buildConfigurations = (
				D4A051C526579FBD00AD739E /* Debug */,
				D4A051C626579FBD00AD739E /* Release */,
			);
			defaultConfigurationIsVisible = 0;
			defaultConfigurationName = Release;
		};
/* End XCConfigurationList section */
	};
	rootObject = D4A051A826579FBB00AD739E /* Project object */;
}
